// !$*UTF8*$!
{
	archiveVersion = 1;
	classes = {
	};
	objectVersion = 51;
	objects = {

/* Begin PBXBuildFile section */
		7766D29C272C3C6000FE6E2E /* ChannelCVC.swift in Sources */ = {isa = PBXBuildFile; fileRef = 7766D29A272C3C6000FE6E2E /* ChannelCVC.swift */; };
		7766D29D272C3C6000FE6E2E /* ChannelCVC.xib in Resources */ = {isa = PBXBuildFile; fileRef = 7766D29B272C3C6000FE6E2E /* ChannelCVC.xib */; };
		77DAC88627215FFB00B576D9 /* UIView.swift in Sources */ = {isa = PBXBuildFile; fileRef = 77DAC88527215FFB00B576D9 /* UIView.swift */; };
		77DAC88A2721FCC900B576D9 /* BaseTBC.swift in Sources */ = {isa = PBXBuildFile; fileRef = 77DAC8892721FCC900B576D9 /* BaseTBC.swift */; };
		77DAC8912721FE3B00B576D9 /* HomeVC.swift in Sources */ = {isa = PBXBuildFile; fileRef = 77DAC8902721FE3B00B576D9 /* HomeVC.swift */; };
		77DAC8932721FE5400B576D9 /* ShortsVC.swift in Sources */ = {isa = PBXBuildFile; fileRef = 77DAC8922721FE5400B576D9 /* ShortsVC.swift */; };
		77DAC8952721FE6000B576D9 /* PlusVC.swift in Sources */ = {isa = PBXBuildFile; fileRef = 77DAC8942721FE6000B576D9 /* PlusVC.swift */; };
		77DAC8972721FE7400B576D9 /* SubscribeVC.swift in Sources */ = {isa = PBXBuildFile; fileRef = 77DAC8962721FE7400B576D9 /* SubscribeVC.swift */; };
		77DAC8992721FE8200B576D9 /* ArchiveVC.swift in Sources */ = {isa = PBXBuildFile; fileRef = 77DAC8982721FE8200B576D9 /* ArchiveVC.swift */; };
		77DAC89D2721FF8F00B576D9 /* UIViewController.swift in Sources */ = {isa = PBXBuildFile; fileRef = 77DAC89C2721FF8F00B576D9 /* UIViewController.swift */; };
		77DAC89F2722071500B576D9 /* Constants.swift in Sources */ = {isa = PBXBuildFile; fileRef = 77DAC89E2722071500B576D9 /* Constants.swift */; };
		77FFCCD127105488000E49F7 /* AppDelegate.swift in Sources */ = {isa = PBXBuildFile; fileRef = 77FFCCD027105488000E49F7 /* AppDelegate.swift */; };
		77FFCCD327105488000E49F7 /* SceneDelegate.swift in Sources */ = {isa = PBXBuildFile; fileRef = 77FFCCD227105488000E49F7 /* SceneDelegate.swift */; };
		77FFCCDA2710548D000E49F7 /* Assets.xcassets in Resources */ = {isa = PBXBuildFile; fileRef = 77FFCCD92710548D000E49F7 /* Assets.xcassets */; };
		77FFCCDD2710548D000E49F7 /* LaunchScreen.storyboard in Resources */ = {isa = PBXBuildFile; fileRef = 77FFCCDB2710548D000E49F7 /* LaunchScreen.storyboard */; };
		77FFCCEA27105BF3000E49F7 /* WelcomeVC.swift in Sources */ = {isa = PBXBuildFile; fileRef = 77FFCCE927105BF3000E49F7 /* WelcomeVC.swift */; };
		77FFCCEC27105C04000E49F7 /* JoinVC.swift in Sources */ = {isa = PBXBuildFile; fileRef = 77FFCCEB27105C04000E49F7 /* JoinVC.swift */; };
		77FFCCEE27105C12000E49F7 /* LoginVC.swift in Sources */ = {isa = PBXBuildFile; fileRef = 77FFCCED27105C12000E49F7 /* LoginVC.swift */; };
		77FFCCF227106C4C000E49F7 /* BaseVC.swift in Sources */ = {isa = PBXBuildFile; fileRef = 77FFCCF127106C4C000E49F7 /* BaseVC.swift */; };
		77FFCCF427107B7C000E49F7 /* UIColor.swift in Sources */ = {isa = PBXBuildFile; fileRef = 77FFCCF327107B7C000E49F7 /* UIColor.swift */; };
		EC1E2CA5AE3EDF7ADD374017 /* Pods_29th_Youtube.framework in Frameworks */ = {isa = PBXBuildFile; fileRef = 8BF839CBFCAF6190C068854A /* Pods_29th_Youtube.framework */; };
/* End PBXBuildFile section */

/* Begin PBXFileReference section */
		1515ED822D173FDD791B030B /* Pods-29th_Youtube.debug.xcconfig */ = {isa = PBXFileReference; includeInIndex = 1; lastKnownFileType = text.xcconfig; name = "Pods-29th_Youtube.debug.xcconfig"; path = "Target Support Files/Pods-29th_Youtube/Pods-29th_Youtube.debug.xcconfig"; sourceTree = "<group>"; };
		2EE899D37341854FCE6A52A4 /* Pods-29th_Youtube.release.xcconfig */ = {isa = PBXFileReference; includeInIndex = 1; lastKnownFileType = text.xcconfig; name = "Pods-29th_Youtube.release.xcconfig"; path = "Target Support Files/Pods-29th_Youtube/Pods-29th_Youtube.release.xcconfig"; sourceTree = "<group>"; };
		7766D29A272C3C6000FE6E2E /* ChannelCVC.swift */ = {isa = PBXFileReference; lastKnownFileType = sourcecode.swift; path = ChannelCVC.swift; sourceTree = "<group>"; };
		7766D29B272C3C6000FE6E2E /* ChannelCVC.xib */ = {isa = PBXFileReference; lastKnownFileType = file.xib; path = ChannelCVC.xib; sourceTree = "<group>"; };
		77DAC88527215FFB00B576D9 /* UIView.swift */ = {isa = PBXFileReference; lastKnownFileType = sourcecode.swift; path = UIView.swift; sourceTree = "<group>"; };
		77DAC8892721FCC900B576D9 /* BaseTBC.swift */ = {isa = PBXFileReference; lastKnownFileType = sourcecode.swift; path = BaseTBC.swift; sourceTree = "<group>"; };
		77DAC8902721FE3B00B576D9 /* HomeVC.swift */ = {isa = PBXFileReference; lastKnownFileType = sourcecode.swift; path = HomeVC.swift; sourceTree = "<group>"; };
		77DAC8922721FE5400B576D9 /* ShortsVC.swift */ = {isa = PBXFileReference; lastKnownFileType = sourcecode.swift; path = ShortsVC.swift; sourceTree = "<group>"; };
		77DAC8942721FE6000B576D9 /* PlusVC.swift */ = {isa = PBXFileReference; lastKnownFileType = sourcecode.swift; path = PlusVC.swift; sourceTree = "<group>"; };
		77DAC8962721FE7400B576D9 /* SubscribeVC.swift */ = {isa = PBXFileReference; lastKnownFileType = sourcecode.swift; path = SubscribeVC.swift; sourceTree = "<group>"; };
		77DAC8982721FE8200B576D9 /* ArchiveVC.swift */ = {isa = PBXFileReference; lastKnownFileType = sourcecode.swift; path = ArchiveVC.swift; sourceTree = "<group>"; };
		77DAC89C2721FF8F00B576D9 /* UIViewController.swift */ = {isa = PBXFileReference; lastKnownFileType = sourcecode.swift; path = UIViewController.swift; sourceTree = "<group>"; };
		77DAC89E2722071500B576D9 /* Constants.swift */ = {isa = PBXFileReference; lastKnownFileType = sourcecode.swift; path = Constants.swift; sourceTree = "<group>"; };
		77FFCCCD27105487000E49F7 /* 29th_Youtube.app */ = {isa = PBXFileReference; explicitFileType = wrapper.application; includeInIndex = 0; path = 29th_Youtube.app; sourceTree = BUILT_PRODUCTS_DIR; };
		77FFCCD027105488000E49F7 /* AppDelegate.swift */ = {isa = PBXFileReference; lastKnownFileType = sourcecode.swift; path = AppDelegate.swift; sourceTree = "<group>"; };
		77FFCCD227105488000E49F7 /* SceneDelegate.swift */ = {isa = PBXFileReference; lastKnownFileType = sourcecode.swift; path = SceneDelegate.swift; sourceTree = "<group>"; };
		77FFCCD92710548D000E49F7 /* Assets.xcassets */ = {isa = PBXFileReference; lastKnownFileType = folder.assetcatalog; path = Assets.xcassets; sourceTree = "<group>"; };
		77FFCCDC2710548D000E49F7 /* Base */ = {isa = PBXFileReference; lastKnownFileType = file.storyboard; name = Base; path = Base.lproj/LaunchScreen.storyboard; sourceTree = "<group>"; };
		77FFCCDE2710548D000E49F7 /* Info.plist */ = {isa = PBXFileReference; lastKnownFileType = text.plist.xml; path = Info.plist; sourceTree = "<group>"; };
		77FFCCE927105BF3000E49F7 /* WelcomeVC.swift */ = {isa = PBXFileReference; lastKnownFileType = sourcecode.swift; path = WelcomeVC.swift; sourceTree = "<group>"; };
		77FFCCEB27105C04000E49F7 /* JoinVC.swift */ = {isa = PBXFileReference; lastKnownFileType = sourcecode.swift; path = JoinVC.swift; sourceTree = "<group>"; };
		77FFCCED27105C12000E49F7 /* LoginVC.swift */ = {isa = PBXFileReference; lastKnownFileType = sourcecode.swift; path = LoginVC.swift; sourceTree = "<group>"; };
		77FFCCF127106C4C000E49F7 /* BaseVC.swift */ = {isa = PBXFileReference; lastKnownFileType = sourcecode.swift; path = BaseVC.swift; sourceTree = "<group>"; };
		77FFCCF327107B7C000E49F7 /* UIColor.swift */ = {isa = PBXFileReference; lastKnownFileType = sourcecode.swift; path = UIColor.swift; sourceTree = "<group>"; };
		8BF839CBFCAF6190C068854A /* Pods_29th_Youtube.framework */ = {isa = PBXFileReference; explicitFileType = wrapper.framework; includeInIndex = 0; path = Pods_29th_Youtube.framework; sourceTree = BUILT_PRODUCTS_DIR; };
/* End PBXFileReference section */

/* Begin PBXFrameworksBuildPhase section */
		77FFCCCA27105487000E49F7 /* Frameworks */ = {
			isa = PBXFrameworksBuildPhase;
			buildActionMask = 2147483647;
			files = (
				EC1E2CA5AE3EDF7ADD374017 /* Pods_29th_Youtube.framework in Frameworks */,
			);
			runOnlyForDeploymentPostprocessing = 0;
		};
/* End PBXFrameworksBuildPhase section */

/* Begin PBXGroup section */
		00206ED6F71318407CAE40CC /* Pods */ = {
			isa = PBXGroup;
			children = (
				1515ED822D173FDD791B030B /* Pods-29th_Youtube.debug.xcconfig */,
				2EE899D37341854FCE6A52A4 /* Pods-29th_Youtube.release.xcconfig */,
			);
			path = Pods;
			sourceTree = "<group>";
		};
		7766D299272C3C0200FE6E2E /* Cell */ = {
			isa = PBXGroup;
			children = (
				7766D29A272C3C6000FE6E2E /* ChannelCVC.swift */,
				7766D29B272C3C6000FE6E2E /* ChannelCVC.xib */,
			);
			path = Cell;
			sourceTree = "<group>";
		};
		77DAC88B2721FDEE00B576D9 /* HomeVC */ = {
			isa = PBXGroup;
			children = (
				7766D299272C3C0200FE6E2E /* Cell */,
				77DAC8902721FE3B00B576D9 /* HomeVC.swift */,
			);
			path = HomeVC;
			sourceTree = "<group>";
		};
		77DAC88C2721FDF400B576D9 /* ShortsVC */ = {
			isa = PBXGroup;
			children = (
				77DAC8922721FE5400B576D9 /* ShortsVC.swift */,
			);
			path = ShortsVC;
			sourceTree = "<group>";
		};
		77DAC88D2721FDFB00B576D9 /* PlusVC */ = {
			isa = PBXGroup;
			children = (
				77DAC8942721FE6000B576D9 /* PlusVC.swift */,
			);
			path = PlusVC;
			sourceTree = "<group>";
		};
		77DAC88E2721FE0200B576D9 /* SubscribeVC */ = {
			isa = PBXGroup;
			children = (
				77DAC8962721FE7400B576D9 /* SubscribeVC.swift */,
			);
			path = SubscribeVC;
			sourceTree = "<group>";
		};
		77DAC88F2721FE0B00B576D9 /* ArchiveVC */ = {
			isa = PBXGroup;
			children = (
				77DAC8982721FE8200B576D9 /* ArchiveVC.swift */,
			);
			path = ArchiveVC;
			sourceTree = "<group>";
		};
		77DAC89A2721FF0F00B576D9 /* Extensions */ = {
			isa = PBXGroup;
			children = (
				77FFCCF327107B7C000E49F7 /* UIColor.swift */,
				77DAC88527215FFB00B576D9 /* UIView.swift */,
				77DAC89C2721FF8F00B576D9 /* UIViewController.swift */,
				77DAC89E2722071500B576D9 /* Constants.swift */,
			);
			path = Extensions;
			sourceTree = "<group>";
		};
		77DAC89B2721FF2700B576D9 /* Base */ = {
			isa = PBXGroup;
			children = (
				77FFCCF127106C4C000E49F7 /* BaseVC.swift */,
				77DAC8892721FCC900B576D9 /* BaseTBC.swift */,
			);
			path = Base;
			sourceTree = "<group>";
		};
		77FFCCC427105487000E49F7 = {
			isa = PBXGroup;
			children = (
				77FFCCCF27105488000E49F7 /* 29th_Youtube */,
				77FFCCCE27105487000E49F7 /* Products */,
				00206ED6F71318407CAE40CC /* Pods */,
				B4CE454C5B1FAD611B50A7A0 /* Frameworks */,
			);
			sourceTree = "<group>";
		};
		77FFCCCE27105487000E49F7 /* Products */ = {
			isa = PBXGroup;
			children = (
				77FFCCCD27105487000E49F7 /* 29th_Youtube.app */,
			);
			name = Products;
			sourceTree = "<group>";
		};
		77FFCCCF27105488000E49F7 /* 29th_Youtube */ = {
			isa = PBXGroup;
			children = (
				77FFCCE427105B28000E49F7 /* Configuration */,
				77FFCCE527105B40000E49F7 /* Sources */,
				77FFCCD027105488000E49F7 /* AppDelegate.swift */,
				77FFCCD227105488000E49F7 /* SceneDelegate.swift */,
				77FFCCD92710548D000E49F7 /* Assets.xcassets */,
				77FFCCDB2710548D000E49F7 /* LaunchScreen.storyboard */,
				77FFCCDE2710548D000E49F7 /* Info.plist */,
			);
			path = 29th_Youtube;
			sourceTree = "<group>";
		};
		77FFCCE427105B28000E49F7 /* Configuration */ = {
			isa = PBXGroup;
			children = (
				77DAC89A2721FF0F00B576D9 /* Extensions */,
				77DAC89B2721FF2700B576D9 /* Base */,
			);
			path = Configuration;
			sourceTree = "<group>";
		};
		77FFCCE527105B40000E49F7 /* Sources */ = {
			isa = PBXGroup;
			children = (
				77DAC88B2721FDEE00B576D9 /* HomeVC */,
				77DAC88C2721FDF400B576D9 /* ShortsVC */,
				77DAC88D2721FDFB00B576D9 /* PlusVC */,
				77DAC88E2721FE0200B576D9 /* SubscribeVC */,
				77DAC88F2721FE0B00B576D9 /* ArchiveVC */,
				77FFCCE827105B9E000E49F7 /* WelcomeVC */,
				77FFCCE727105B95000E49F7 /* JoinVC */,
				77FFCCE627105B79000E49F7 /* LoginVC */,
			);
			path = Sources;
			sourceTree = "<group>";
		};
		77FFCCE627105B79000E49F7 /* LoginVC */ = {
			isa = PBXGroup;
			children = (
				77FFCCED27105C12000E49F7 /* LoginVC.swift */,
			);
			path = LoginVC;
			sourceTree = "<group>";
		};
		77FFCCE727105B95000E49F7 /* JoinVC */ = {
			isa = PBXGroup;
			children = (
				77FFCCEB27105C04000E49F7 /* JoinVC.swift */,
			);
			path = JoinVC;
			sourceTree = "<group>";
		};
		77FFCCE827105B9E000E49F7 /* WelcomeVC */ = {
			isa = PBXGroup;
			children = (
				77FFCCE927105BF3000E49F7 /* WelcomeVC.swift */,
			);
			path = WelcomeVC;
			sourceTree = "<group>";
		};
		B4CE454C5B1FAD611B50A7A0 /* Frameworks */ = {
			isa = PBXGroup;
			children = (
				8BF839CBFCAF6190C068854A /* Pods_29th_Youtube.framework */,
			);
			name = Frameworks;
			sourceTree = "<group>";
		};
/* End PBXGroup section */

/* Begin PBXNativeTarget section */
		77FFCCCC27105487000E49F7 /* 29th_Youtube */ = {
			isa = PBXNativeTarget;
			buildConfigurationList = 77FFCCE12710548D000E49F7 /* Build configuration list for PBXNativeTarget "29th_Youtube" */;
			buildPhases = (
				C9C171639CCCE06392275009 /* [CP] Check Pods Manifest.lock */,
				77FFCCC927105487000E49F7 /* Sources */,
				77FFCCCA27105487000E49F7 /* Frameworks */,
				77FFCCCB27105487000E49F7 /* Resources */,
				084122C91876BAB74F9A46B2 /* [CP] Embed Pods Frameworks */,
			);
			buildRules = (
			);
			dependencies = (
			);
			name = 29th_Youtube;
			productName = 29th_Youtube;
			productReference = 77FFCCCD27105487000E49F7 /* 29th_Youtube.app */;
			productType = "com.apple.product-type.application";
		};
/* End PBXNativeTarget section */

/* Begin PBXProject section */
		77FFCCC527105487000E49F7 /* Project object */ = {
			isa = PBXProject;
			attributes = {
				LastSwiftUpdateCheck = 1250;
				LastUpgradeCheck = 1250;
				TargetAttributes = {
					77FFCCCC27105487000E49F7 = {
						CreatedOnToolsVersion = 12.5.1;
					};
				};
			};
			buildConfigurationList = 77FFCCC827105487000E49F7 /* Build configuration list for PBXProject "29th_Youtube" */;
			compatibilityVersion = "Xcode 9.3";
			developmentRegion = en;
			hasScannedForEncodings = 0;
			knownRegions = (
				en,
				Base,
			);
			mainGroup = 77FFCCC427105487000E49F7;
			productRefGroup = 77FFCCCE27105487000E49F7 /* Products */;
			projectDirPath = "";
			projectRoot = "";
			targets = (
				77FFCCCC27105487000E49F7 /* 29th_Youtube */,
			);
		};
/* End PBXProject section */

/* Begin PBXResourcesBuildPhase section */
		77FFCCCB27105487000E49F7 /* Resources */ = {
			isa = PBXResourcesBuildPhase;
			buildActionMask = 2147483647;
			files = (
				7766D29D272C3C6000FE6E2E /* ChannelCVC.xib in Resources */,
				77FFCCDD2710548D000E49F7 /* LaunchScreen.storyboard in Resources */,
				77FFCCDA2710548D000E49F7 /* Assets.xcassets in Resources */,
			);
			runOnlyForDeploymentPostprocessing = 0;
		};
/* End PBXResourcesBuildPhase section */

/* Begin PBXShellScriptBuildPhase section */
		084122C91876BAB74F9A46B2 /* [CP] Embed Pods Frameworks */ = {
			isa = PBXShellScriptBuildPhase;
			buildActionMask = 2147483647;
			files = (
			);
			inputFileListPaths = (
				"${PODS_ROOT}/Target Support Files/Pods-29th_Youtube/Pods-29th_Youtube-frameworks-${CONFIGURATION}-input-files.xcfilelist",
			);
			name = "[CP] Embed Pods Frameworks";
			outputFileListPaths = (
				"${PODS_ROOT}/Target Support Files/Pods-29th_Youtube/Pods-29th_Youtube-frameworks-${CONFIGURATION}-output-files.xcfilelist",
			);
			runOnlyForDeploymentPostprocessing = 0;
			shellPath = /bin/sh;
			shellScript = "\"${PODS_ROOT}/Target Support Files/Pods-29th_Youtube/Pods-29th_Youtube-frameworks.sh\"\n";
			showEnvVarsInLog = 0;
		};
		C9C171639CCCE06392275009 /* [CP] Check Pods Manifest.lock */ = {
			isa = PBXShellScriptBuildPhase;
			buildActionMask = 2147483647;
			files = (
			);
			inputFileListPaths = (
			);
			inputPaths = (
				"${PODS_PODFILE_DIR_PATH}/Podfile.lock",
				"${PODS_ROOT}/Manifest.lock",
			);
			name = "[CP] Check Pods Manifest.lock";
			outputFileListPaths = (
			);
			outputPaths = (
				"$(DERIVED_FILE_DIR)/Pods-29th_Youtube-checkManifestLockResult.txt",
			);
			runOnlyForDeploymentPostprocessing = 0;
			shellPath = /bin/sh;
			shellScript = "diff \"${PODS_PODFILE_DIR_PATH}/Podfile.lock\" \"${PODS_ROOT}/Manifest.lock\" > /dev/null\nif [ $? != 0 ] ; then\n    # print error to STDERR\n    echo \"error: The sandbox is not in sync with the Podfile.lock. Run 'pod install' or update your CocoaPods installation.\" >&2\n    exit 1\nfi\n# This output is used by Xcode 'outputs' to avoid re-running this script phase.\necho \"SUCCESS\" > \"${SCRIPT_OUTPUT_FILE_0}\"\n";
			showEnvVarsInLog = 0;
		};
/* End PBXShellScriptBuildPhase section */

/* Begin PBXSourcesBuildPhase section */
		77FFCCC927105487000E49F7 /* Sources */ = {
			isa = PBXSourcesBuildPhase;
			buildActionMask = 2147483647;
			files = (
				77DAC88A2721FCC900B576D9 /* BaseTBC.swift in Sources */,
				77DAC8912721FE3B00B576D9 /* HomeVC.swift in Sources */,
				77DAC88627215FFB00B576D9 /* UIView.swift in Sources */,
				7766D29C272C3C6000FE6E2E /* ChannelCVC.swift in Sources */,
				77FFCCEC27105C04000E49F7 /* JoinVC.swift in Sources */,
				77FFCCF427107B7C000E49F7 /* UIColor.swift in Sources */,
				77DAC8992721FE8200B576D9 /* ArchiveVC.swift in Sources */,
				77FFCCEA27105BF3000E49F7 /* WelcomeVC.swift in Sources */,
				77DAC89F2722071500B576D9 /* Constants.swift in Sources */,
				77FFCCD127105488000E49F7 /* AppDelegate.swift in Sources */,
				77DAC8972721FE7400B576D9 /* SubscribeVC.swift in Sources */,
				77FFCCD327105488000E49F7 /* SceneDelegate.swift in Sources */,
				77DAC8952721FE6000B576D9 /* PlusVC.swift in Sources */,
				77FFCCEE27105C12000E49F7 /* LoginVC.swift in Sources */,
				77DAC8932721FE5400B576D9 /* ShortsVC.swift in Sources */,
				77FFCCF227106C4C000E49F7 /* BaseVC.swift in Sources */,
				77DAC89D2721FF8F00B576D9 /* UIViewController.swift in Sources */,
			);
			runOnlyForDeploymentPostprocessing = 0;
		};
/* End PBXSourcesBuildPhase section */

/* Begin PBXVariantGroup section */
		77FFCCDB2710548D000E49F7 /* LaunchScreen.storyboard */ = {
			isa = PBXVariantGroup;
			children = (
				77FFCCDC2710548D000E49F7 /* Base */,
			);
			name = LaunchScreen.storyboard;
			sourceTree = "<group>";
		};
/* End PBXVariantGroup section */

/* Begin XCBuildConfiguration section */
		77FFCCDF2710548D000E49F7 /* Debug */ = {
			isa = XCBuildConfiguration;
			buildSettings = {
				ALWAYS_SEARCH_USER_PATHS = NO;
				CLANG_ANALYZER_NONNULL = YES;
				CLANG_ANALYZER_NUMBER_OBJECT_CONVERSION = YES_AGGRESSIVE;
				CLANG_CXX_LANGUAGE_STANDARD = "gnu++14";
				CLANG_CXX_LIBRARY = "libc++";
				CLANG_ENABLE_MODULES = YES;
				CLANG_ENABLE_OBJC_ARC = YES;
				CLANG_ENABLE_OBJC_WEAK = YES;
				CLANG_WARN_BLOCK_CAPTURE_AUTORELEASING = YES;
				CLANG_WARN_BOOL_CONVERSION = YES;
				CLANG_WARN_COMMA = YES;
				CLANG_WARN_CONSTANT_CONVERSION = YES;
				CLANG_WARN_DEPRECATED_OBJC_IMPLEMENTATIONS = YES;
				CLANG_WARN_DIRECT_OBJC_ISA_USAGE = YES_ERROR;
				CLANG_WARN_DOCUMENTATION_COMMENTS = YES;
				CLANG_WARN_EMPTY_BODY = YES;
				CLANG_WARN_ENUM_CONVERSION = YES;
				CLANG_WARN_INFINITE_RECURSION = YES;
				CLANG_WARN_INT_CONVERSION = YES;
				CLANG_WARN_NON_LITERAL_NULL_CONVERSION = YES;
				CLANG_WARN_OBJC_IMPLICIT_RETAIN_SELF = YES;
				CLANG_WARN_OBJC_LITERAL_CONVERSION = YES;
				CLANG_WARN_OBJC_ROOT_CLASS = YES_ERROR;
				CLANG_WARN_QUOTED_INCLUDE_IN_FRAMEWORK_HEADER = YES;
				CLANG_WARN_RANGE_LOOP_ANALYSIS = YES;
				CLANG_WARN_STRICT_PROTOTYPES = YES;
				CLANG_WARN_SUSPICIOUS_MOVE = YES;
				CLANG_WARN_UNGUARDED_AVAILABILITY = YES_AGGRESSIVE;
				CLANG_WARN_UNREACHABLE_CODE = YES;
				CLANG_WARN__DUPLICATE_METHOD_MATCH = YES;
				COPY_PHASE_STRIP = NO;
				DEBUG_INFORMATION_FORMAT = dwarf;
				ENABLE_STRICT_OBJC_MSGSEND = YES;
				ENABLE_TESTABILITY = YES;
				GCC_C_LANGUAGE_STANDARD = gnu11;
				GCC_DYNAMIC_NO_PIC = NO;
				GCC_NO_COMMON_BLOCKS = YES;
				GCC_OPTIMIZATION_LEVEL = 0;
				GCC_PREPROCESSOR_DEFINITIONS = (
					"DEBUG=1",
					"$(inherited)",
				);
				GCC_WARN_64_TO_32_BIT_CONVERSION = YES;
				GCC_WARN_ABOUT_RETURN_TYPE = YES_ERROR;
				GCC_WARN_UNDECLARED_SELECTOR = YES;
				GCC_WARN_UNINITIALIZED_AUTOS = YES_AGGRESSIVE;
				GCC_WARN_UNUSED_FUNCTION = YES;
				GCC_WARN_UNUSED_VARIABLE = YES;
				IPHONEOS_DEPLOYMENT_TARGET = 14.5;
				MTL_ENABLE_DEBUG_INFO = INCLUDE_SOURCE;
				MTL_FAST_MATH = YES;
				ONLY_ACTIVE_ARCH = YES;
				SDKROOT = iphoneos;
				SWIFT_ACTIVE_COMPILATION_CONDITIONS = DEBUG;
				SWIFT_OPTIMIZATION_LEVEL = "-Onone";
			};
			name = Debug;
		};
		77FFCCE02710548D000E49F7 /* Release */ = {
			isa = XCBuildConfiguration;
			buildSettings = {
				ALWAYS_SEARCH_USER_PATHS = NO;
				CLANG_ANALYZER_NONNULL = YES;
				CLANG_ANALYZER_NUMBER_OBJECT_CONVERSION = YES_AGGRESSIVE;
				CLANG_CXX_LANGUAGE_STANDARD = "gnu++14";
				CLANG_CXX_LIBRARY = "libc++";
				CLANG_ENABLE_MODULES = YES;
				CLANG_ENABLE_OBJC_ARC = YES;
				CLANG_ENABLE_OBJC_WEAK = YES;
				CLANG_WARN_BLOCK_CAPTURE_AUTORELEASING = YES;
				CLANG_WARN_BOOL_CONVERSION = YES;
				CLANG_WARN_COMMA = YES;
				CLANG_WARN_CONSTANT_CONVERSION = YES;
				CLANG_WARN_DEPRECATED_OBJC_IMPLEMENTATIONS = YES;
				CLANG_WARN_DIRECT_OBJC_ISA_USAGE = YES_ERROR;
				CLANG_WARN_DOCUMENTATION_COMMENTS = YES;
				CLANG_WARN_EMPTY_BODY = YES;
				CLANG_WARN_ENUM_CONVERSION = YES;
				CLANG_WARN_INFINITE_RECURSION = YES;
				CLANG_WARN_INT_CONVERSION = YES;
				CLANG_WARN_NON_LITERAL_NULL_CONVERSION = YES;
				CLANG_WARN_OBJC_IMPLICIT_RETAIN_SELF = YES;
				CLANG_WARN_OBJC_LITERAL_CONVERSION = YES;
				CLANG_WARN_OBJC_ROOT_CLASS = YES_ERROR;
				CLANG_WARN_QUOTED_INCLUDE_IN_FRAMEWORK_HEADER = YES;
				CLANG_WARN_RANGE_LOOP_ANALYSIS = YES;
				CLANG_WARN_STRICT_PROTOTYPES = YES;
				CLANG_WARN_SUSPICIOUS_MOVE = YES;
				CLANG_WARN_UNGUARDED_AVAILABILITY = YES_AGGRESSIVE;
				CLANG_WARN_UNREACHABLE_CODE = YES;
				CLANG_WARN__DUPLICATE_METHOD_MATCH = YES;
				COPY_PHASE_STRIP = NO;
				DEBUG_INFORMATION_FORMAT = "dwarf-with-dsym";
				ENABLE_NS_ASSERTIONS = NO;
				ENABLE_STRICT_OBJC_MSGSEND = YES;
				GCC_C_LANGUAGE_STANDARD = gnu11;
				GCC_NO_COMMON_BLOCKS = YES;
				GCC_WARN_64_TO_32_BIT_CONVERSION = YES;
				GCC_WARN_ABOUT_RETURN_TYPE = YES_ERROR;
				GCC_WARN_UNDECLARED_SELECTOR = YES;
				GCC_WARN_UNINITIALIZED_AUTOS = YES_AGGRESSIVE;
				GCC_WARN_UNUSED_FUNCTION = YES;
				GCC_WARN_UNUSED_VARIABLE = YES;
				IPHONEOS_DEPLOYMENT_TARGET = 14.5;
				MTL_ENABLE_DEBUG_INFO = NO;
				MTL_FAST_MATH = YES;
				SDKROOT = iphoneos;
				SWIFT_COMPILATION_MODE = wholemodule;
				SWIFT_OPTIMIZATION_LEVEL = "-O";
				VALIDATE_PRODUCT = YES;
			};
			name = Release;
		};
		77FFCCE22710548D000E49F7 /* Debug */ = {
			isa = XCBuildConfiguration;
			baseConfigurationReference = 1515ED822D173FDD791B030B /* Pods-29th_Youtube.debug.xcconfig */;
			buildSettings = {
				ASSETCATALOG_COMPILER_APPICON_NAME = AppIcon;
				ASSETCATALOG_COMPILER_GLOBAL_ACCENT_COLOR_NAME = AccentColor;
				CODE_SIGN_STYLE = Automatic;
				DEVELOPMENT_TEAM = T3VFJ764ZC;
				INFOPLIST_FILE = 29th_Youtube/Info.plist;
				LD_RUNPATH_SEARCH_PATHS = (
					"$(inherited)",
					"@executable_path/Frameworks",
				);
				PRODUCT_BUNDLE_IDENTIFIER = "YJC.-9th-Youtube";
				PRODUCT_NAME = "$(TARGET_NAME)";
				SWIFT_VERSION = 5.0;
				TARGETED_DEVICE_FAMILY = "1,2";
			};
			name = Debug;
		};
		77FFCCE32710548D000E49F7 /* Release */ = {
			isa = XCBuildConfiguration;
			baseConfigurationReference = 2EE899D37341854FCE6A52A4 /* Pods-29th_Youtube.release.xcconfig */;
			buildSettings = {
				ASSETCATALOG_COMPILER_APPICON_NAME = AppIcon;
				ASSETCATALOG_COMPILER_GLOBAL_ACCENT_COLOR_NAME = AccentColor;
				CODE_SIGN_STYLE = Automatic;
				DEVELOPMENT_TEAM = T3VFJ764ZC;
				INFOPLIST_FILE = 29th_Youtube/Info.plist;
				LD_RUNPATH_SEARCH_PATHS = (
					"$(inherited)",
					"@executable_path/Frameworks",
				);
				PRODUCT_BUNDLE_IDENTIFIER = "YJC.-9th-Youtube";
				PRODUCT_NAME = "$(TARGET_NAME)";
				SWIFT_VERSION = 5.0;
				TARGETED_DEVICE_FAMILY = "1,2";
			};
			name = Release;
		};
/* End XCBuildConfiguration section */

/* Begin XCConfigurationList section */
		77FFCCC827105487000E49F7 /* Build configuration list for PBXProject "29th_Youtube" */ = {
			isa = XCConfigurationList;
			buildConfigurations = (
				77FFCCDF2710548D000E49F7 /* Debug */,
				77FFCCE02710548D000E49F7 /* Release */,
			);
			defaultConfigurationIsVisible = 0;
			defaultConfigurationName = Release;
		};
		77FFCCE12710548D000E49F7 /* Build configuration list for PBXNativeTarget "29th_Youtube" */ = {
			isa = XCConfigurationList;
			buildConfigurations = (
				77FFCCE22710548D000E49F7 /* Debug */,
				77FFCCE32710548D000E49F7 /* Release */,
			);
			defaultConfigurationIsVisible = 0;
			defaultConfigurationName = Release;
		};
/* End XCConfigurationList section */
	};
	rootObject = 77FFCCC527105487000E49F7 /* Project object */;
}
